
Microsoft Visual Studio Solution File, Format Version 12.00
# Visual Studio Version 17
VisualStudioVersion = 17.0.31903.59
MinimumVisualStudioVersion = 10.0.40219.1
Project("{2150E333-8FDC-42A3-9474-1A3956D46DE8}") = "src", "src", "{827E0CD3-B72D-47B6-A68D-7590B98EB39B}"
EndProject
Project("{FAE04EC0-301F-11D3-BF4B-00C04F79EFBC}") = "Npc.Contracts", "src\Npc.Contracts\Npc.Contracts.csproj", "{C40DEA11-73E1-4F22-ABF8-34F6CBB58595}"
EndProject
Project("{FAE04EC0-301F-11D3-BF4B-00C04F79EFBC}") = "Npc.Core", "src\Npc.Core\Npc.Core.csproj", "{66278290-F40C-4921-BE1B-E8AE40F59587}"
EndProject
Project("{FAE04EC0-301F-11D3-BF4B-00C04F79EFBC}") = "Npc.Gateway", "src\Npc.Gateway\Npc.Gateway.csproj", "{11DBB527-75AC-4A1E-9805-C3C3D0916453}"
EndProject
Project("{FAE04EC0-301F-11D3-BF4B-00C04F79EFBC}") = "Npc.Host", "src\Npc.Host\Npc.Host.csproj", "{8140D740-72A5-41D5-A173-98079025072B}"
EndProject
Project("{FAE04EC0-301F-11D3-BF4B-00C04F79EFBC}") = "Npc.MasterData", "src\Npc.MasterData\Npc.MasterData.csproj", "{8857FB2F-927D-4228-93F9-E81F14C6796A}"
EndProject
Project("{FAE04EC0-301F-11D3-BF4B-00C04F79EFBC}") = "Npc.Planning", "src\Npc.Planning\Npc.Planning.csproj", "{EA1FBABF-B8D0-4E2F-9107-7F3C22B8FF82}"
EndProject
Project("{FAE04EC0-301F-11D3-BF4B-00C04F79EFBC}") = "Npc.Runtime", "src\Npc.Runtime\Npc.Runtime.csproj", "{021A4903-6BF1-4443-BC1C-EAE598D4D006}"
EndProject
Project("{FAE04EC0-301F-11D3-BF4B-00C04F79EFBC}") = "Npc.Llm", "src\Npc.Llm\Npc.Llm.csproj", "{DA5BC8D4-AE7F-4D4E-A416-002BA8ABDAA8}"
EndProject
Project("{FAE04EC0-301F-11D3-BF4B-00C04F79EFBC}") = "Npc.Sim", "src\Npc.Sim\Npc.Sim.csproj", "{FF51BB5F-5D28-4629-86E8-379533C40617}"
EndProject
Project("{2150E333-8FDC-42A3-9474-1A3956D46DE8}") = "tests", "tests", "{0AB3BF05-4346-4AA6-1389-037BE0695223}"
EndProject
Project("{FAE04EC0-301F-11D3-BF4B-00C04F79EFBC}") = "Npc.Tests", "tests\Npc.Tests\Npc.Tests.csproj", "{860662B0-8D83-4B6F-A26D-0B799B50944C}"
EndProject
Project("{2150E333-8FDC-42A3-9474-1A3956D46DE8}") = "tools", "tools", "{07C2787E-EAC7-C090-1BA3-A61EC2A24D84}"
EndProject
Project("{FAE04EC0-301F-11D3-BF4B-00C04F79EFBC}") = "Npc.Prebake", "tools\Npc.Prebake\Npc.Prebake.csproj", "{F8DC054B-6260-46D5-AC71-F68B08204245}"
EndProject
Global
	GlobalSection(SolutionConfigurationPlatforms) = preSolution
		Debug|Any CPU = Debug|Any CPU
		Debug|x64 = Debug|x64
		Debug|x86 = Debug|x86
		Release|Any CPU = Release|Any CPU
		Release|x64 = Release|x64
		Release|x86 = Release|x86
	EndGlobalSection
	GlobalSection(ProjectConfigurationPlatforms) = postSolution
		{C40DEA11-73E1-4F22-ABF8-34F6CBB58595}.Debug|Any CPU.ActiveCfg = Debug|Any CPU
		{C40DEA11-73E1-4F22-ABF8-34F6CBB58595}.Debug|Any CPU.Build.0 = Debug|Any CPU
		{C40DEA11-73E1-4F22-ABF8-34F6CBB58595}.Debug|x64.ActiveCfg = Debug|Any CPU
		{C40DEA11-73E1-4F22-ABF8-34F6CBB58595}.Debug|x64.Build.0 = Debug|Any CPU
		{C40DEA11-73E1-4F22-ABF8-34F6CBB58595}.Debug|x86.ActiveCfg = Debug|Any CPU
		{C40DEA11-73E1-4F22-ABF8-34F6CBB58595}.Debug|x86.Build.0 = Debug|Any CPU
		{C40DEA11-73E1-4F22-ABF8-34F6CBB58595}.Release|Any CPU.ActiveCfg = Release|Any CPU
		{C40DEA11-73E1-4F22-ABF8-34F6CBB58595}.Release|Any CPU.Build.0 = Release|Any CPU
		{C40DEA11-73E1-4F22-ABF8-34F6CBB58595}.Release|x64.ActiveCfg = Release|Any CPU
		{C40DEA11-73E1-4F22-ABF8-34F6CBB58595}.Release|x64.Build.0 = Release|Any CPU
		{C40DEA11-73E1-4F22-ABF8-34F6CBB58595}.Release|x86.ActiveCfg = Release|Any CPU
		{C40DEA11-73E1-4F22-ABF8-34F6CBB58595}.Release|x86.Build.0 = Release|Any CPU
		{66278290-F40C-4921-BE1B-E8AE40F59587}.Debug|Any CPU.ActiveCfg = Debug|Any CPU
		{66278290-F40C-4921-BE1B-E8AE40F59587}.Debug|Any CPU.Build.0 = Debug|Any CPU
		{66278290-F40C-4921-BE1B-E8AE40F59587}.Debug|x64.ActiveCfg = Debug|Any CPU
		{66278290-F40C-4921-BE1B-E8AE40F59587}.Debug|x64.Build.0 = Debug|Any CPU
		{66278290-F40C-4921-BE1B-E8AE40F59587}.Debug|x86.ActiveCfg = Debug|Any CPU
		{66278290-F40C-4921-BE1B-E8AE40F59587}.Debug|x86.Build.0 = Debug|Any CPU
		{66278290-F40C-4921-BE1B-E8AE40F59587}.Release|Any CPU.ActiveCfg = Release|Any CPU
		{66278290-F40C-4921-BE1B-E8AE40F59587}.Release|Any CPU.Build.0 = Release|Any CPU
		{66278290-F40C-4921-BE1B-E8AE40F59587}.Release|x64.ActiveCfg = Release|Any CPU
		{66278290-F40C-4921-BE1B-E8AE40F59587}.Release|x64.Build.0 = Release|Any CPU
		{66278290-F40C-4921-BE1B-E8AE40F59587}.Release|x86.ActiveCfg = Release|Any CPU
		{66278290-F40C-4921-BE1B-E8AE40F59587}.Release|x86.Build.0 = Release|Any CPU
		{11DBB527-75AC-4A1E-9805-C3C3D0916453}.Debug|Any CPU.ActiveCfg = Debug|Any CPU
		{11DBB527-75AC-4A1E-9805-C3C3D0916453}.Debug|Any CPU.Build.0 = Debug|Any CPU
		{11DBB527-75AC-4A1E-9805-C3C3D0916453}.Debug|x64.ActiveCfg = Debug|Any CPU
		{11DBB527-75AC-4A1E-9805-C3C3D0916453}.Debug|x64.Build.0 = Debug|Any CPU
		{11DBB527-75AC-4A1E-9805-C3C3D0916453}.Debug|x86.ActiveCfg = Debug|Any CPU
		{11DBB527-75AC-4A1E-9805-C3C3D0916453}.Debug|x86.Build.0 = Debug|Any CPU
		{11DBB527-75AC-4A1E-9805-C3C3D0916453}.Release|Any CPU.ActiveCfg = Release|Any CPU
		{11DBB527-75AC-4A1E-9805-C3C3D0916453}.Release|Any CPU.Build.0 = Release|Any CPU
		{11DBB527-75AC-4A1E-9805-C3C3D0916453}.Release|x64.ActiveCfg = Release|Any CPU
		{11DBB527-75AC-4A1E-9805-C3C3D0916453}.Release|x64.Build.0 = Release|Any CPU
		{11DBB527-75AC-4A1E-9805-C3C3D0916453}.Release|x86.ActiveCfg = Release|Any CPU
		{11DBB527-75AC-4A1E-9805-C3C3D0916453}.Release|x86.Build.0 = Release|Any CPU
		{8140D740-72A5-41D5-A173-98079025072B}.Debug|Any CPU.ActiveCfg = Debug|Any CPU
		{8140D740-72A5-41D5-A173-98079025072B}.Debug|Any CPU.Build.0 = Debug|Any CPU
		{8140D740-72A5-41D5-A173-98079025072B}.Debug|x64.ActiveCfg = Debug|Any CPU
		{8140D740-72A5-41D5-A173-98079025072B}.Debug|x64.Build.0 = Debug|Any CPU
		{8140D740-72A5-41D5-A173-98079025072B}.Debug|x86.ActiveCfg = Debug|Any CPU
		{8140D740-72A5-41D5-A173-98079025072B}.Debug|x86.Build.0 = Debug|Any CPU
		{8140D740-72A5-41D5-A173-98079025072B}.Release|Any CPU.ActiveCfg = Release|Any CPU
		{8140D740-72A5-41D5-A173-98079025072B}.Release|Any CPU.Build.0 = Release|Any CPU
		{8140D740-72A5-41D5-A173-98079025072B}.Release|x64.ActiveCfg = Release|Any CPU
		{8140D740-72A5-41D5-A173-98079025072B}.Release|x64.Build.0 = Release|Any CPU
		{8140D740-72A5-41D5-A173-98079025072B}.Release|x86.ActiveCfg = Release|Any CPU
		{8140D740-72A5-41D5-A173-98079025072B}.Release|x86.Build.0 = Release|Any CPU
		{8857FB2F-927D-4228-93F9-E81F14C6796A}.Debug|Any CPU.ActiveCfg = Debug|Any CPU
		{8857FB2F-927D-4228-93F9-E81F14C6796A}.Debug|Any CPU.Build.0 = Debug|Any CPU
		{8857FB2F-927D-4228-93F9-E81F14C6796A}.Debug|x64.ActiveCfg = Debug|Any CPU
		{8857FB2F-927D-4228-93F9-E81F14C6796A}.Debug|x64.Build.0 = Debug|Any CPU
		{8857FB2F-927D-4228-93F9-E81F14C6796A}.Debug|x86.ActiveCfg = Debug|Any CPU
		{8857FB2F-927D-4228-93F9-E81F14C6796A}.Debug|x86.Build.0 = Debug|Any CPU
		{8857FB2F-927D-4228-93F9-E81F14C6796A}.Release|Any CPU.ActiveCfg = Release|Any CPU
		{8857FB2F-927D-4228-93F9-E81F14C6796A}.Release|Any CPU.Build.0 = Release|Any CPU
		{8857FB2F-927D-4228-93F9-E81F14C6796A}.Release|x64.ActiveCfg = Release|Any CPU
		{8857FB2F-927D-4228-93F9-E81F14C6796A}.Release|x64.Build.0 = Release|Any CPU
		{8857FB2F-927D-4228-93F9-E81F14C6796A}.Release|x86.ActiveCfg = Release|Any CPU
		{8857FB2F-927D-4228-93F9-E81F14C6796A}.Release|x86.Build.0 = Release|Any CPU
		{EA1FBABF-B8D0-4E2F-9107-7F3C22B8FF82}.Debug|Any CPU.ActiveCfg = Debug|Any CPU
		{EA1FBABF-B8D0-4E2F-9107-7F3C22B8FF82}.Debug|Any CPU.Build.0 = Debug|Any CPU
		{EA1FBABF-B8D0-4E2F-9107-7F3C22B8FF82}.Debug|x64.ActiveCfg = Debug|Any CPU
		{EA1FBABF-B8D0-4E2F-9107-7F3C22B8FF82}.Debug|x64.Build.0 = Debug|Any CPU
		{EA1FBABF-B8D0-4E2F-9107-7F3C22B8FF82}.Debug|x86.ActiveCfg = Debug|Any CPU
		{EA1FBABF-B8D0-4E2F-9107-7F3C22B8FF82}.Debug|x86.Build.0 = Debug|Any CPU
		{EA1FBABF-B8D0-4E2F-9107-7F3C22B8FF82}.Release|Any CPU.ActiveCfg = Release|Any CPU
		{EA1FBABF-B8D0-4E2F-9107-7F3C22B8FF82}.Release|Any CPU.Build.0 = Release|Any CPU
		{EA1FBABF-B8D0-4E2F-9107-7F3C22B8FF82}.Release|x64.ActiveCfg = Release|Any CPU
		{EA1FBABF-B8D0-4E2F-9107-7F3C22B8FF82}.Release|x64.Build.0 = Release|Any CPU
		{EA1FBABF-B8D0-4E2F-9107-7F3C22B8FF82}.Release|x86.ActiveCfg = Release|Any CPU
		{EA1FBABF-B8D0-4E2F-9107-7F3C22B8FF82}.Release|x86.Build.0 = Release|Any CPU
		{021A4903-6BF1-4443-BC1C-EAE598D4D006}.Debug|Any CPU.ActiveCfg = Debug|Any CPU
		{021A4903-6BF1-4443-BC1C-EAE598D4D006}.Debug|Any CPU.Build.0 = Debug|Any CPU
		{021A4903-6BF1-4443-BC1C-EAE598D4D006}.Debug|x64.ActiveCfg = Debug|Any CPU
		{021A4903-6BF1-4443-BC1C-EAE598D4D006}.Debug|x64.Build.0 = Debug|Any CPU
		{021A4903-6BF1-4443-BC1C-EAE598D4D006}.Debug|x86.ActiveCfg = Debug|Any CPU
		{021A4903-6BF1-4443-BC1C-EAE598D4D006}.Debug|x86.Build.0 = Debug|Any CPU
		{021A4903-6BF1-4443-BC1C-EAE598D4D006}.Release|Any CPU.ActiveCfg = Release|Any CPU
		{021A4903-6BF1-4443-BC1C-EAE598D4D006}.Release|Any CPU.Build.0 = Release|Any CPU
		{021A4903-6BF1-4443-BC1C-EAE598D4D006}.Release|x64.ActiveCfg = Release|Any CPU
		{021A4903-6BF1-4443-BC1C-EAE598D4D006}.Release|x64.Build.0 = Release|Any CPU
		{021A4903-6BF1-4443-BC1C-EAE598D4D006}.Release|x86.ActiveCfg = Release|Any CPU
		{021A4903-6BF1-4443-BC1C-EAE598D4D006}.Release|x86.Build.0 = Release|Any CPU
		{DA5BC8D4-AE7F-4D4E-A416-002BA8ABDAA8}.Debug|Any CPU.ActiveCfg = Debug|Any CPU
		{DA5BC8D4-AE7F-4D4E-A416-002BA8ABDAA8}.Debug|Any CPU.Build.0 = Debug|Any CPU
		{DA5BC8D4-AE7F-4D4E-A416-002BA8ABDAA8}.Debug|x64.ActiveCfg = Debug|Any CPU
		{DA5BC8D4-AE7F-4D4E-A416-002BA8ABDAA8}.Debug|x64.Build.0 = Debug|Any CPU
		{DA5BC8D4-AE7F-4D4E-A416-002BA8ABDAA8}.Debug|x86.ActiveCfg = Debug|Any CPU
		{DA5BC8D4-AE7F-4D4E-A416-002BA8ABDAA8}.Debug|x86.Build.0 = Debug|Any CPU
		{DA5BC8D4-AE7F-4D4E-A416-002BA8ABDAA8}.Release|Any CPU.ActiveCfg = Release|Any CPU
		{DA5BC8D4-AE7F-4D4E-A416-002BA8ABDAA8}.Release|Any CPU.Build.0 = Release|Any CPU
		{DA5BC8D4-AE7F-4D4E-A416-002BA8ABDAA8}.Release|x64.ActiveCfg = Release|Any CPU
		{DA5BC8D4-AE7F-4D4E-A416-002BA8ABDAA8}.Release|x64.Build.0 = Release|Any CPU
		{DA5BC8D4-AE7F-4D4E-A416-002BA8ABDAA8}.Release|x86.ActiveCfg = Release|Any CPU
		{DA5BC8D4-AE7F-4D4E-A416-002BA8ABDAA8}.Release|x86.Build.0 = Release|Any CPU
		{FF51BB5F-5D28-4629-86E8-379533C40617}.Debug|Any CPU.ActiveCfg = Debug|Any CPU
		{FF51BB5F-5D28-4629-86E8-379533C40617}.Debug|Any CPU.Build.0 = Debug|Any CPU
		{FF51BB5F-5D28-4629-86E8-379533C40617}.Debug|x64.ActiveCfg = Debug|Any CPU
		{FF51BB5F-5D28-4629-86E8-379533C40617}.Debug|x64.Build.0 = Debug|Any CPU
		{FF51BB5F-5D28-4629-86E8-379533C40617}.Debug|x86.ActiveCfg = Debug|Any CPU
		{FF51BB5F-5D28-4629-86E8-379533C40617}.Debug|x86.Build.0 = Debug|Any CPU
		{FF51BB5F-5D28-4629-86E8-379533C40617}.Release|Any CPU.ActiveCfg = Release|Any CPU
		{FF51BB5F-5D28-4629-86E8-379533C40617}.Release|Any CPU.Build.0 = Release|Any CPU
		{FF51BB5F-5D28-4629-86E8-379533C40617}.Release|x64.ActiveCfg = Release|Any CPU
		{FF51BB5F-5D28-4629-86E8-379533C40617}.Release|x64.Build.0 = Release|Any CPU
		{FF51BB5F-5D28-4629-86E8-379533C40617}.Release|x86.ActiveCfg = Release|Any CPU
		{FF51BB5F-5D28-4629-86E8-379533C40617}.Release|x86.Build.0 = Release|Any CPU
		{860662B0-8D83-4B6F-A26D-0B799B50944C}.Debug|Any CPU.ActiveCfg = Debug|Any CPU
		{860662B0-8D83-4B6F-A26D-0B799B50944C}.Debug|Any CPU.Build.0 = Debug|Any CPU
		{860662B0-8D83-4B6F-A26D-0B799B50944C}.Debug|x64.ActiveCfg = Debug|Any CPU
		{860662B0-8D83-4B6F-A26D-0B799B50944C}.Debug|x64.Build.0 = Debug|Any CPU
		{860662B0-8D83-4B6F-A26D-0B799B50944C}.Debug|x86.ActiveCfg = Debug|Any CPU
		{860662B0-8D83-4B6F-A26D-0B799B50944C}.Debug|x86.Build.0 = Debug|Any CPU
		{860662B0-8D83-4B6F-A26D-0B799B50944C}.Release|Any CPU.ActiveCfg = Release|Any CPU
		{860662B0-8D83-4B6F-A26D-0B799B50944C}.Release|Any CPU.Build.0 = Release|Any CPU
		{860662B0-8D83-4B6F-A26D-0B799B50944C}.Release|x64.ActiveCfg = Release|Any CPU
		{860662B0-8D83-4B6F-A26D-0B799B50944C}.Release|x64.Build.0 = Release|Any CPU
		{860662B0-8D83-4B6F-A26D-0B799B50944C}.Release|x86.ActiveCfg = Release|Any CPU
		{860662B0-8D83-4B6F-A26D-0B799B50944C}.Release|x86.Build.0 = Release|Any CPU
		{F8DC054B-6260-46D5-AC71-F68B08204245}.Debug|Any CPU.ActiveCfg = Debug|Any CPU
		{F8DC054B-6260-46D5-AC71-F68B08204245}.Debug|Any CPU.Build.0 = Debug|Any CPU
		{F8DC054B-6260-46D5-AC71-F68B08204245}.Debug|x64.ActiveCfg = Debug|Any CPU
		{F8DC054B-6260-46D5-AC71-F68B08204245}.Debug|x64.Build.0 = Debug|Any CPU
		{F8DC054B-6260-46D5-AC71-F68B08204245}.Debug|x86.ActiveCfg = Debug|Any CPU
		{F8DC054B-6260-46D5-AC71-F68B08204245}.Debug|x86.Build.0 = Debug|Any CPU
		{F8DC054B-6260-46D5-AC71-F68B08204245}.Release|Any CPU.ActiveCfg = Release|Any CPU
		{F8DC054B-6260-46D5-AC71-F68B08204245}.Release|Any CPU.Build.0 = Release|Any CPU
		{F8DC054B-6260-46D5-AC71-F68B08204245}.Release|x64.ActiveCfg = Release|Any CPU
		{F8DC054B-6260-46D5-AC71-F68B08204245}.Release|x64.Build.0 = Release|Any CPU
		{F8DC054B-6260-46D5-AC71-F68B08204245}.Release|x86.ActiveCfg = Release|Any CPU
		{F8DC054B-6260-46D5-AC71-F68B08204245}.Release|x86.Build.0 = Release|Any CPU
	EndGlobalSection
	GlobalSection(SolutionProperties) = preSolution
		HideSolutionNode = FALSE
	EndGlobalSection
	GlobalSection(NestedProjects) = preSolution
		{C40DEA11-73E1-4F22-ABF8-34F6CBB58595} = {827E0CD3-B72D-47B6-A68D-7590B98EB39B}
		{66278290-F40C-4921-BE1B-E8AE40F59587} = {827E0CD3-B72D-47B6-A68D-7590B98EB39B}
		{11DBB527-75AC-4A1E-9805-C3C3D0916453} = {827E0CD3-B72D-47B6-A68D-7590B98EB39B}
		{8140D740-72A5-41D5-A173-98079025072B} = {827E0CD3-B72D-47B6-A68D-7590B98EB39B}
		{8857FB2F-927D-4228-93F9-E81F14C6796A} = {827E0CD3-B72D-47B6-A68D-7590B98EB39B}
		{EA1FBABF-B8D0-4E2F-9107-7F3C22B8FF82} = {827E0CD3-B72D-47B6-A68D-7590B98EB39B}
		{021A4903-6BF1-4443-BC1C-EAE598D4D006} = {827E0CD3-B72D-47B6-A68D-7590B98EB39B}
		{DA5BC8D4-AE7F-4D4E-A416-002BA8ABDAA8} = {827E0CD3-B72D-47B6-A68D-7590B98EB39B}
		{FF51BB5F-5D28-4629-86E8-379533C40617} = {827E0CD3-B72D-47B6-A68D-7590B98EB39B}
		{860662B0-8D83-4B6F-A26D-0B799B50944C} = {0AB3BF05-4346-4AA6-1389-037BE0695223}
		{F8DC054B-6260-46D5-AC71-F68B08204245} = {07C2787E-EAC7-C090-1BA3-A61EC2A24D84}
	EndGlobalSection
EndGlobal
